
Microsoft Visual Studio Solution File, Format Version 12.00
# Visual Studio Version 17
VisualStudioVersion = 17.2.32616.157
MinimumVisualStudioVersion = 10.0.40219.1
Project("{2150E333-8FDC-42A3-9474-1A3956D46DE8}") = "Services", "Services", "{4BB03076-B4A0-4177-BF0E-56EE32578717}"
EndProject
Project("{2150E333-8FDC-42A3-9474-1A3956D46DE8}") = "Identity", "Identity", "{741814A3-1F1C-474E-A93E-1A81796E4E61}"
EndProject
Project("{2150E333-8FDC-42A3-9474-1A3956D46DE8}") = "Web", "Web", "{1E8D1C74-6F7A-4260-9F58-5FC5E766A66B}"
EndProject
Project("{2150E333-8FDC-42A3-9474-1A3956D46DE8}") = "Building Blocks", "Building Blocks", "{77774411-1EDF-45DD-B05D-D790FD1E008B}"
EndProject
Project("{2150E333-8FDC-42A3-9474-1A3956D46DE8}") = "Catalog", "Catalog", "{E39C66F4-4F50-4FAC-8B98-C337AC25F22A}"
EndProject
Project("{2150E333-8FDC-42A3-9474-1A3956D46DE8}") = "Cart", "Cart", "{8A196A02-B30C-4CB8-8821-65FA15590231}"
EndProject
Project("{2150E333-8FDC-42A3-9474-1A3956D46DE8}") = "Order", "Order", "{D0DC3694-1CC4-4959-BFA8-D6EAC4E5DA49}"
EndProject
Project("{2150E333-8FDC-42A3-9474-1A3956D46DE8}") = "Customer", "Customer", "{65E32174-FC19-4468-B172-09392D89F442}"
EndProject
Project("{2150E333-8FDC-42A3-9474-1A3956D46DE8}") = "Payment", "Payment", "{0A8BED4F-0696-4194-88B4-37AD5BD3C1E4}"
EndProject
Project("{9A19103F-16F7-4668-BE54-9A1E7A4F7556}") = "PS.Cart.API", "src\services\PS.Cart.API\PS.Cart.API.csproj", "{964E404C-D9E1-405E-986E-F2AD5C306664}"
EndProject
Project("{9A19103F-16F7-4668-BE54-9A1E7A4F7556}") = "PS.Identity.API", "src\services\PS.Identity.API\PS.Identity.API.csproj", "{7D9B8D16-4025-4C30-BBF4-35AAD080E522}"
EndProject
Project("{9A19103F-16F7-4668-BE54-9A1E7A4F7556}") = "PS.Customer.API", "src\services\PS.Customer.API\PS.Customer.API.csproj", "{53663977-EC56-4E46-AFB5-40B74A18A12C}"
EndProject
Project("{9A19103F-16F7-4668-BE54-9A1E7A4F7556}") = "PS.Order.API", "src\services\PS.Order.API\PS.Order.API.csproj", "{52829C7E-8427-4824-8E12-03A87D88B9E7}"
EndProject
Project("{2150E333-8FDC-42A3-9474-1A3956D46DE8}") = "MVC", "MVC", "{404C808D-6827-4E00-9E2D-8392CDD59C6B}"
EndProject
Project("{9A19103F-16F7-4668-BE54-9A1E7A4F7556}") = "PS.Payment.API", "src\services\PS.Payment.API\PS.Payment.API.csproj", "{3EDC9C09-C9C4-4476-8C7B-174CC6D2FB0E}"
EndProject
Project("{2150E333-8FDC-42A3-9474-1A3956D46DE8}") = "Core", "Core", "{48E9495C-DCDF-4E5E-9B80-37A8C0B40BFC}"
EndProject
Project("{FAE04EC0-301F-11D3-BF4B-00C04F79EFBC}") = "PS.Core", "src\building blocks\PS.Core\PS.Core.csproj", "{BE7D3538-7B3C-403C-B9C3-4872926CC19D}"
EndProject
Project("{9A19103F-16F7-4668-BE54-9A1E7A4F7556}") = "PS.Catalog.API", "src\services\PS.Catalog.API\PS.Catalog.API.csproj", "{D457751A-1DC9-433B-A77A-36BCF08B461E}"
EndProject
Project("{FAE04EC0-301F-11D3-BF4B-00C04F79EFBC}") = "PS.WebApp.MVC", "PS.WebApp.MVC\PS.WebApp.MVC.csproj", "{AE5AEA2E-ECFD-488F-A1CE-360F7DEEDA41}"
EndProject
Global
	GlobalSection(SolutionConfigurationPlatforms) = preSolution
		Debug|Any CPU = Debug|Any CPU
		Release|Any CPU = Release|Any CPU
	EndGlobalSection
	GlobalSection(ProjectConfigurationPlatforms) = postSolution
		{964E404C-D9E1-405E-986E-F2AD5C306664}.Debug|Any CPU.ActiveCfg = Debug|Any CPU
		{964E404C-D9E1-405E-986E-F2AD5C306664}.Debug|Any CPU.Build.0 = Debug|Any CPU
		{964E404C-D9E1-405E-986E-F2AD5C306664}.Release|Any CPU.ActiveCfg = Release|Any CPU
		{964E404C-D9E1-405E-986E-F2AD5C306664}.Release|Any CPU.Build.0 = Release|Any CPU
		{7D9B8D16-4025-4C30-BBF4-35AAD080E522}.Debug|Any CPU.ActiveCfg = Debug|Any CPU
		{7D9B8D16-4025-4C30-BBF4-35AAD080E522}.Debug|Any CPU.Build.0 = Debug|Any CPU
		{7D9B8D16-4025-4C30-BBF4-35AAD080E522}.Release|Any CPU.ActiveCfg = Release|Any CPU
		{7D9B8D16-4025-4C30-BBF4-35AAD080E522}.Release|Any CPU.Build.0 = Release|Any CPU
		{53663977-EC56-4E46-AFB5-40B74A18A12C}.Debug|Any CPU.ActiveCfg = Debug|Any CPU
		{53663977-EC56-4E46-AFB5-40B74A18A12C}.Debug|Any CPU.Build.0 = Debug|Any CPU
		{53663977-EC56-4E46-AFB5-40B74A18A12C}.Release|Any CPU.ActiveCfg = Release|Any CPU
		{53663977-EC56-4E46-AFB5-40B74A18A12C}.Release|Any CPU.Build.0 = Release|Any CPU
		{52829C7E-8427-4824-8E12-03A87D88B9E7}.Debug|Any CPU.ActiveCfg = Debug|Any CPU
		{52829C7E-8427-4824-8E12-03A87D88B9E7}.Debug|Any CPU.Build.0 = Debug|Any CPU
		{52829C7E-8427-4824-8E12-03A87D88B9E7}.Release|Any CPU.ActiveCfg = Release|Any CPU
		{52829C7E-8427-4824-8E12-03A87D88B9E7}.Release|Any CPU.Build.0 = Release|Any CPU
		{3EDC9C09-C9C4-4476-8C7B-174CC6D2FB0E}.Debug|Any CPU.ActiveCfg = Debug|Any CPU
		{3EDC9C09-C9C4-4476-8C7B-174CC6D2FB0E}.Debug|Any CPU.Build.0 = Debug|Any CPU
		{3EDC9C09-C9C4-4476-8C7B-174CC6D2FB0E}.Release|Any CPU.ActiveCfg = Release|Any CPU
		{3EDC9C09-C9C4-4476-8C7B-174CC6D2FB0E}.Release|Any CPU.Build.0 = Release|Any CPU
		{BE7D3538-7B3C-403C-B9C3-4872926CC19D}.Debug|Any CPU.ActiveCfg = Debug|Any CPU
		{BE7D3538-7B3C-403C-B9C3-4872926CC19D}.Debug|Any CPU.Build.0 = Debug|Any CPU
		{BE7D3538-7B3C-403C-B9C3-4872926CC19D}.Release|Any CPU.ActiveCfg = Release|Any CPU
		{BE7D3538-7B3C-403C-B9C3-4872926CC19D}.Release|Any CPU.Build.0 = Release|Any CPU
		{D457751A-1DC9-433B-A77A-36BCF08B461E}.Debug|Any CPU.ActiveCfg = Debug|Any CPU
		{D457751A-1DC9-433B-A77A-36BCF08B461E}.Debug|Any CPU.Build.0 = Debug|Any CPU
		{D457751A-1DC9-433B-A77A-36BCF08B461E}.Release|Any CPU.ActiveCfg = Release|Any CPU
		{D457751A-1DC9-433B-A77A-36BCF08B461E}.Release|Any CPU.Build.0 = Release|Any CPU
		{AE5AEA2E-ECFD-488F-A1CE-360F7DEEDA41}.Debug|Any CPU.ActiveCfg = Debug|Any CPU
		{AE5AEA2E-ECFD-488F-A1CE-360F7DEEDA41}.Debug|Any CPU.Build.0 = Debug|Any CPU
		{AE5AEA2E-ECFD-488F-A1CE-360F7DEEDA41}.Release|Any CPU.ActiveCfg = Release|Any CPU
		{AE5AEA2E-ECFD-488F-A1CE-360F7DEEDA41}.Release|Any CPU.Build.0 = Release|Any CPU
	EndGlobalSection
	GlobalSection(SolutionProperties) = preSolution
		HideSolutionNode = FALSE
	EndGlobalSection
	GlobalSection(NestedProjects) = preSolution
		{741814A3-1F1C-474E-A93E-1A81796E4E61} = {4BB03076-B4A0-4177-BF0E-56EE32578717}
		{E39C66F4-4F50-4FAC-8B98-C337AC25F22A} = {4BB03076-B4A0-4177-BF0E-56EE32578717}
		{8A196A02-B30C-4CB8-8821-65FA15590231} = {4BB03076-B4A0-4177-BF0E-56EE32578717}
		{D0DC3694-1CC4-4959-BFA8-D6EAC4E5DA49} = {4BB03076-B4A0-4177-BF0E-56EE32578717}
		{65E32174-FC19-4468-B172-09392D89F442} = {4BB03076-B4A0-4177-BF0E-56EE32578717}
		{0A8BED4F-0696-4194-88B4-37AD5BD3C1E4} = {4BB03076-B4A0-4177-BF0E-56EE32578717}
		{964E404C-D9E1-405E-986E-F2AD5C306664} = {8A196A02-B30C-4CB8-8821-65FA15590231}
		{7D9B8D16-4025-4C30-BBF4-35AAD080E522} = {741814A3-1F1C-474E-A93E-1A81796E4E61}
		{53663977-EC56-4E46-AFB5-40B74A18A12C} = {65E32174-FC19-4468-B172-09392D89F442}
		{52829C7E-8427-4824-8E12-03A87D88B9E7} = {D0DC3694-1CC4-4959-BFA8-D6EAC4E5DA49}
		{404C808D-6827-4E00-9E2D-8392CDD59C6B} = {1E8D1C74-6F7A-4260-9F58-5FC5E766A66B}
		{3EDC9C09-C9C4-4476-8C7B-174CC6D2FB0E} = {0A8BED4F-0696-4194-88B4-37AD5BD3C1E4}
		{48E9495C-DCDF-4E5E-9B80-37A8C0B40BFC} = {77774411-1EDF-45DD-B05D-D790FD1E008B}
		{BE7D3538-7B3C-403C-B9C3-4872926CC19D} = {48E9495C-DCDF-4E5E-9B80-37A8C0B40BFC}
		{D457751A-1DC9-433B-A77A-36BCF08B461E} = {E39C66F4-4F50-4FAC-8B98-C337AC25F22A}
		{AE5AEA2E-ECFD-488F-A1CE-360F7DEEDA41} = {404C808D-6827-4E00-9E2D-8392CDD59C6B}
	EndGlobalSection
	GlobalSection(ExtensibilityGlobals) = postSolution
		SolutionGuid = {5648D50B-CAEE-415C-BB72-4611B7A89E80}
	EndGlobalSection
EndGlobal
